
Microsoft Visual Studio Solution File, Format Version 12.00
# Visual Studio Version 16
VisualStudioVersion = 16.0.29806.167
MinimumVisualStudioVersion = 10.0.40219.1
Project("{9A19103F-16F7-4668-BE54-9A1E7A4F7556}") = "PbdDesktop", "PbdDesktop\PbdDesktop.csproj", "{F2563655-D95D-46E0-BBCB-9C9D05AC4356}"
EndProject
Project("{FAE04EC0-301F-11D3-BF4B-00C04F79EFBC}") = "PbdWeb", "PbdWeb\PbdWeb.csproj", "{DD87280E-6BA4-4A93-B79D-E96606BD6E5F}"
EndProject
Global
	GlobalSection(SolutionConfigurationPlatforms) = preSolution
		Debug|Any CPU = Debug|Any CPU
		Release|Any CPU = Release|Any CPU
	EndGlobalSection
	GlobalSection(ProjectConfigurationPlatforms) = postSolution
		{F2563655-D95D-46E0-BBCB-9C9D05AC4356}.Debug|Any CPU.ActiveCfg = Debug|Any CPU
		{F2563655-D95D-46E0-BBCB-9C9D05AC4356}.Debug|Any CPU.Build.0 = Debug|Any CPU
		{F2563655-D95D-46E0-BBCB-9C9D05AC4356}.Release|Any CPU.ActiveCfg = Release|Any CPU
		{F2563655-D95D-46E0-BBCB-9C9D05AC4356}.Release|Any CPU.Build.0 = Release|Any CPU
		{DD87280E-6BA4-4A93-B79D-E96606BD6E5F}.Debug|Any CPU.ActiveCfg = Debug|Any CPU
		{DD87280E-6BA4-4A93-B79D-E96606BD6E5F}.Debug|Any CPU.Build.0 = Debug|Any CPU
		{DD87280E-6BA4-4A93-B79D-E96606BD6E5F}.Release|Any CPU.ActiveCfg = Release|Any CPU
		{DD87280E-6BA4-4A93-B79D-E96606BD6E5F}.Release|Any CPU.Build.0 = Release|Any CPU
	EndGlobalSection
	GlobalSection(SolutionProperties) = preSolution
		HideSolutionNode = FALSE
	EndGlobalSection
	GlobalSection(ExtensibilityGlobals) = postSolution
		SolutionGuid = {D1C231CD-92FA-4F46-A392-A7FA8AE80DB4}
	EndGlobalSection
EndGlobal
